// !$*UTF8*$!
{
	archiveVersion = 1;
	classes = {
	};
	objectVersion = 46;
	objects = {

/* Begin PBXBuildFile section */
		84442CC61D54912F00CB8606 /* MADWeather+CoreDataProperties.m in Sources */ = {isa = PBXBuildFile; fileRef = 84442CBF1D54912F00CB8606 /* MADWeather+CoreDataProperties.m */; };
		84442CC71D54912F00CB8606 /* MADWeather.m in Sources */ = {isa = PBXBuildFile; fileRef = 84442CC11D54912F00CB8606 /* MADWeather.m */; };
		84442CC81D54912F00CB8606 /* MADHourly+CoreDataProperties.m in Sources */ = {isa = PBXBuildFile; fileRef = 84442CC31D54912F00CB8606 /* MADHourly+CoreDataProperties.m */; };
		84442CC91D54912F00CB8606 /* MADHourly.m in Sources */ = {isa = PBXBuildFile; fileRef = 84442CC51D54912F00CB8606 /* MADHourly.m */; };
		84AD17B21D50A0B4003FB8E2 /* main.m in Sources */ = {isa = PBXBuildFile; fileRef = 84AD17B11D50A0B4003FB8E2 /* main.m */; };
		84AD17B51D50A0B4003FB8E2 /* AppDelegate.m in Sources */ = {isa = PBXBuildFile; fileRef = 84AD17B41D50A0B4003FB8E2 /* AppDelegate.m */; };
		84AD17B81D50A0B4003FB8E2 /* ViewController.m in Sources */ = {isa = PBXBuildFile; fileRef = 84AD17B71D50A0B4003FB8E2 /* ViewController.m */; };
		84AD17BB1D50A0B4003FB8E2 /* Main.storyboard in Resources */ = {isa = PBXBuildFile; fileRef = 84AD17B91D50A0B4003FB8E2 /* Main.storyboard */; };
		84AD17BD1D50A0B4003FB8E2 /* Assets.xcassets in Resources */ = {isa = PBXBuildFile; fileRef = 84AD17BC1D50A0B4003FB8E2 /* Assets.xcassets */; };
		84AD17C01D50A0B4003FB8E2 /* LaunchScreen.storyboard in Resources */ = {isa = PBXBuildFile; fileRef = 84AD17BE1D50A0B4003FB8E2 /* LaunchScreen.storyboard */; };
		84AD17C91D50AC71003FB8E2 /* MADDownloader.m in Sources */ = {isa = PBXBuildFile; fileRef = 84AD17C81D50AC71003FB8E2 /* MADDownloader.m */; };
		84AD17CC1D50B721003FB8E2 /* MADCoreDataStack.m in Sources */ = {isa = PBXBuildFile; fileRef = 84AD17CB1D50B721003FB8E2 /* MADCoreDataStack.m */; };
		84AD17CF1D50B9A8003FB8E2 /* worldWeatherModel.xcdatamodeld in Sources */ = {isa = PBXBuildFile; fileRef = 84AD17CD1D50B9A8003FB8E2 /* worldWeatherModel.xcdatamodeld */; };
		84AD18021D51ECDA003FB8E2 /* MADWeatherIndicatorView.m in Sources */ = {isa = PBXBuildFile; fileRef = 84AD18011D51ECDA003FB8E2 /* MADWeatherIndicatorView.m */; };
		84AD18041D51EDDE003FB8E2 /* MADWeatherIndicatorView.xib in Resources */ = {isa = PBXBuildFile; fileRef = 84AD18031D51EDDE003FB8E2 /* MADWeatherIndicatorView.xib */; };
		84AD18151D52090E003FB8E2 /* MADDescriptionTableViewCell.m in Sources */ = {isa = PBXBuildFile; fileRef = 84AD18131D52090E003FB8E2 /* MADDescriptionTableViewCell.m */; };
		84AD18161D52090E003FB8E2 /* MADDescriptionTableViewCell.xib in Resources */ = {isa = PBXBuildFile; fileRef = 84AD18141D52090E003FB8E2 /* MADDescriptionTableViewCell.xib */; };
		84AD18251D521CC8003FB8E2 /* MADWeatherDescription.m in Sources */ = {isa = PBXBuildFile; fileRef = 84AD18241D521CC8003FB8E2 /* MADWeatherDescription.m */; };
/* End PBXBuildFile section */

/* Begin PBXFileReference section */
		84442CBE1D54912F00CB8606 /* MADWeather+CoreDataProperties.h */ = {isa = PBXFileReference; fileEncoding = 4; lastKnownFileType = sourcecode.c.h; name = "MADWeather+CoreDataProperties.h"; path = "MADWorldWeather/MADWeather+CoreDataProperties.h"; sourceTree = "<group>"; };
		84442CBF1D54912F00CB8606 /* MADWeather+CoreDataProperties.m */ = {isa = PBXFileReference; fileEncoding = 4; lastKnownFileType = sourcecode.c.objc; name = "MADWeather+CoreDataProperties.m"; path = "MADWorldWeather/MADWeather+CoreDataProperties.m"; sourceTree = "<group>"; };
		84442CC01D54912F00CB8606 /* MADWeather.h */ = {isa = PBXFileReference; fileEncoding = 4; lastKnownFileType = sourcecode.c.h; name = MADWeather.h; path = MADWorldWeather/MADWeather.h; sourceTree = "<group>"; };
		84442CC11D54912F00CB8606 /* MADWeather.m */ = {isa = PBXFileReference; fileEncoding = 4; lastKnownFileType = sourcecode.c.objc; name = MADWeather.m; path = MADWorldWeather/MADWeather.m; sourceTree = "<group>"; };
		84442CC21D54912F00CB8606 /* MADHourly+CoreDataProperties.h */ = {isa = PBXFileReference; fileEncoding = 4; lastKnownFileType = sourcecode.c.h; name = "MADHourly+CoreDataProperties.h"; path = "MADWorldWeather/MADHourly+CoreDataProperties.h"; sourceTree = "<group>"; };
		84442CC31D54912F00CB8606 /* MADHourly+CoreDataProperties.m */ = {isa = PBXFileReference; fileEncoding = 4; lastKnownFileType = sourcecode.c.objc; name = "MADHourly+CoreDataProperties.m"; path = "MADWorldWeather/MADHourly+CoreDataProperties.m"; sourceTree = "<group>"; };
		84442CC41D54912F00CB8606 /* MADHourly.h */ = {isa = PBXFileReference; fileEncoding = 4; lastKnownFileType = sourcecode.c.h; name = MADHourly.h; path = MADWorldWeather/MADHourly.h; sourceTree = "<group>"; };
		84442CC51D54912F00CB8606 /* MADHourly.m */ = {isa = PBXFileReference; fileEncoding = 4; lastKnownFileType = sourcecode.c.objc; name = MADHourly.m; path = MADWorldWeather/MADHourly.m; sourceTree = "<group>"; };
		84AD17AD1D50A0B4003FB8E2 /* MADWorldWeather.app */ = {isa = PBXFileReference; explicitFileType = wrapper.application; includeInIndex = 0; path = MADWorldWeather.app; sourceTree = BUILT_PRODUCTS_DIR; };
		84AD17B11D50A0B4003FB8E2 /* main.m */ = {isa = PBXFileReference; lastKnownFileType = sourcecode.c.objc; path = main.m; sourceTree = "<group>"; };
		84AD17B31D50A0B4003FB8E2 /* AppDelegate.h */ = {isa = PBXFileReference; lastKnownFileType = sourcecode.c.h; path = AppDelegate.h; sourceTree = "<group>"; };
		84AD17B41D50A0B4003FB8E2 /* AppDelegate.m */ = {isa = PBXFileReference; lastKnownFileType = sourcecode.c.objc; path = AppDelegate.m; sourceTree = "<group>"; };
		84AD17B61D50A0B4003FB8E2 /* ViewController.h */ = {isa = PBXFileReference; lastKnownFileType = sourcecode.c.h; path = ViewController.h; sourceTree = "<group>"; };
		84AD17B71D50A0B4003FB8E2 /* ViewController.m */ = {isa = PBXFileReference; lastKnownFileType = sourcecode.c.objc; path = ViewController.m; sourceTree = "<group>"; };
		84AD17BA1D50A0B4003FB8E2 /* Base */ = {isa = PBXFileReference; lastKnownFileType = file.storyboard; name = Base; path = Base.lproj/Main.storyboard; sourceTree = "<group>"; };
		84AD17BC1D50A0B4003FB8E2 /* Assets.xcassets */ = {isa = PBXFileReference; lastKnownFileType = folder.assetcatalog; path = Assets.xcassets; sourceTree = "<group>"; };
		84AD17BF1D50A0B4003FB8E2 /* Base */ = {isa = PBXFileReference; lastKnownFileType = file.storyboard; name = Base; path = Base.lproj/LaunchScreen.storyboard; sourceTree = "<group>"; };
		84AD17C11D50A0B4003FB8E2 /* Info.plist */ = {isa = PBXFileReference; lastKnownFileType = text.plist.xml; path = Info.plist; sourceTree = "<group>"; };
		84AD17C71D50AC71003FB8E2 /* MADDownloader.h */ = {isa = PBXFileReference; fileEncoding = 4; lastKnownFileType = sourcecode.c.h; path = MADDownloader.h; sourceTree = "<group>"; };
		84AD17C81D50AC71003FB8E2 /* MADDownloader.m */ = {isa = PBXFileReference; fileEncoding = 4; lastKnownFileType = sourcecode.c.objc; path = MADDownloader.m; sourceTree = "<group>"; };
		84AD17CA1D50B721003FB8E2 /* MADCoreDataStack.h */ = {isa = PBXFileReference; fileEncoding = 4; lastKnownFileType = sourcecode.c.h; path = MADCoreDataStack.h; sourceTree = "<group>"; };
		84AD17CB1D50B721003FB8E2 /* MADCoreDataStack.m */ = {isa = PBXFileReference; fileEncoding = 4; lastKnownFileType = sourcecode.c.objc; path = MADCoreDataStack.m; sourceTree = "<group>"; };
		84AD17CE1D50B9A8003FB8E2 /* worldWeatherModel.xcdatamodel */ = {isa = PBXFileReference; lastKnownFileType = wrapper.xcdatamodel; path = worldWeatherModel.xcdatamodel; sourceTree = "<group>"; };
		84AD18001D51ECDA003FB8E2 /* MADWeatherIndicatorView.h */ = {isa = PBXFileReference; fileEncoding = 4; lastKnownFileType = sourcecode.c.h; path = MADWeatherIndicatorView.h; sourceTree = "<group>"; };
		84AD18011D51ECDA003FB8E2 /* MADWeatherIndicatorView.m */ = {isa = PBXFileReference; fileEncoding = 4; lastKnownFileType = sourcecode.c.objc; path = MADWeatherIndicatorView.m; sourceTree = "<group>"; };
		84AD18031D51EDDE003FB8E2 /* MADWeatherIndicatorView.xib */ = {isa = PBXFileReference; fileEncoding = 4; lastKnownFileType = file.xib; path = MADWeatherIndicatorView.xib; sourceTree = "<group>"; };
		84AD18121D52090E003FB8E2 /* MADDescriptionTableViewCell.h */ = {isa = PBXFileReference; fileEncoding = 4; lastKnownFileType = sourcecode.c.h; path = MADDescriptionTableViewCell.h; sourceTree = "<group>"; };
		84AD18131D52090E003FB8E2 /* MADDescriptionTableViewCell.m */ = {isa = PBXFileReference; fileEncoding = 4; lastKnownFileType = sourcecode.c.objc; path = MADDescriptionTableViewCell.m; sourceTree = "<group>"; };
		84AD18141D52090E003FB8E2 /* MADDescriptionTableViewCell.xib */ = {isa = PBXFileReference; fileEncoding = 4; lastKnownFileType = file.xib; path = MADDescriptionTableViewCell.xib; sourceTree = "<group>"; };
		84AD18231D521CC8003FB8E2 /* MADWeatherDescription.h */ = {isa = PBXFileReference; fileEncoding = 4; lastKnownFileType = sourcecode.c.h; path = MADWeatherDescription.h; sourceTree = "<group>"; };
		84AD18241D521CC8003FB8E2 /* MADWeatherDescription.m */ = {isa = PBXFileReference; fileEncoding = 4; lastKnownFileType = sourcecode.c.objc; path = MADWeatherDescription.m; sourceTree = "<group>"; };
/* End PBXFileReference section */

/* Begin PBXFrameworksBuildPhase section */
		84AD17AA1D50A0B4003FB8E2 /* Frameworks */ = {
			isa = PBXFrameworksBuildPhase;
			buildActionMask = 2147483647;
			files = (
			);
			runOnlyForDeploymentPostprocessing = 0;
		};
/* End PBXFrameworksBuildPhase section */

/* Begin PBXGroup section */
		84AD17A41D50A0B4003FB8E2 = {
			isa = PBXGroup;
			children = (
				84442CBE1D54912F00CB8606 /* MADWeather+CoreDataProperties.h */,
				84442CBF1D54912F00CB8606 /* MADWeather+CoreDataProperties.m */,
				84442CC01D54912F00CB8606 /* MADWeather.h */,
				84442CC11D54912F00CB8606 /* MADWeather.m */,
				84442CC21D54912F00CB8606 /* MADHourly+CoreDataProperties.h */,
				84442CC31D54912F00CB8606 /* MADHourly+CoreDataProperties.m */,
				84442CC41D54912F00CB8606 /* MADHourly.h */,
				84442CC51D54912F00CB8606 /* MADHourly.m */,
				84AD17AF1D50A0B4003FB8E2 /* MADWorldWeather */,
				84AD17AE1D50A0B4003FB8E2 /* Products */,
			);
			sourceTree = "<group>";
		};
		84AD17AE1D50A0B4003FB8E2 /* Products */ = {
			isa = PBXGroup;
			children = (
				84AD17AD1D50A0B4003FB8E2 /* MADWorldWeather.app */,
			);
			name = Products;
			sourceTree = "<group>";
		};
		84AD17AF1D50A0B4003FB8E2 /* MADWorldWeather */ = {
			isa = PBXGroup;
			children = (
				84AD17B31D50A0B4003FB8E2 /* AppDelegate.h */,
				84AD17B41D50A0B4003FB8E2 /* AppDelegate.m */,
				84AD17B61D50A0B4003FB8E2 /* ViewController.h */,
				84AD17B71D50A0B4003FB8E2 /* ViewController.m */,
				84AD18121D52090E003FB8E2 /* MADDescriptionTableViewCell.h */,
				84AD18131D52090E003FB8E2 /* MADDescriptionTableViewCell.m */,
				84AD18141D52090E003FB8E2 /* MADDescriptionTableViewCell.xib */,
				84AD18231D521CC8003FB8E2 /* MADWeatherDescription.h */,
				84AD18241D521CC8003FB8E2 /* MADWeatherDescription.m */,
				84AD17C71D50AC71003FB8E2 /* MADDownloader.h */,
				84AD17C81D50AC71003FB8E2 /* MADDownloader.m */,
				84AD17CA1D50B721003FB8E2 /* MADCoreDataStack.h */,
				84AD17CB1D50B721003FB8E2 /* MADCoreDataStack.m */,
				84AD18001D51ECDA003FB8E2 /* MADWeatherIndicatorView.h */,
				84AD18011D51ECDA003FB8E2 /* MADWeatherIndicatorView.m */,
				84AD18031D51EDDE003FB8E2 /* MADWeatherIndicatorView.xib */,
				84AD17B91D50A0B4003FB8E2 /* Main.storyboard */,
				84AD17CD1D50B9A8003FB8E2 /* worldWeatherModel.xcdatamodeld */,
				84AD17BC1D50A0B4003FB8E2 /* Assets.xcassets */,
				84AD17BE1D50A0B4003FB8E2 /* LaunchScreen.storyboard */,
				84AD17C11D50A0B4003FB8E2 /* Info.plist */,
				84AD17B01D50A0B4003FB8E2 /* Supporting Files */,
			);
			path = MADWorldWeather;
			sourceTree = "<group>";
		};
		84AD17B01D50A0B4003FB8E2 /* Supporting Files */ = {
			isa = PBXGroup;
			children = (
				84AD17B11D50A0B4003FB8E2 /* main.m */,
			);
			name = "Supporting Files";
			sourceTree = "<group>";
		};
/* End PBXGroup section */

/* Begin PBXNativeTarget section */
		84AD17AC1D50A0B4003FB8E2 /* MADWorldWeather */ = {
			isa = PBXNativeTarget;
			buildConfigurationList = 84AD17C41D50A0B4003FB8E2 /* Build configuration list for PBXNativeTarget "MADWorldWeather" */;
			buildPhases = (
				84AD17A91D50A0B4003FB8E2 /* Sources */,
				84AD17AA1D50A0B4003FB8E2 /* Frameworks */,
				84AD17AB1D50A0B4003FB8E2 /* Resources */,
			);
			buildRules = (
			);
			dependencies = (
			);
			name = MADWorldWeather;
			productName = MADWorldWeather;
			productReference = 84AD17AD1D50A0B4003FB8E2 /* MADWorldWeather.app */;
			productType = "com.apple.product-type.application";
		};
/* End PBXNativeTarget section */

/* Begin PBXProject section */
		84AD17A51D50A0B4003FB8E2 /* Project object */ = {
			isa = PBXProject;
			attributes = {
				LastUpgradeCheck = 0730;
				ORGANIZATIONNAME = marydort;
				TargetAttributes = {
					84AD17AC1D50A0B4003FB8E2 = {
						CreatedOnToolsVersion = 7.3.1;
						DevelopmentTeam = S3M44GGB4N;
					};
				};
			};
			buildConfigurationList = 84AD17A81D50A0B4003FB8E2 /* Build configuration list for PBXProject "MADWorldWeather" */;
			compatibilityVersion = "Xcode 3.2";
			developmentRegion = English;
			hasScannedForEncodings = 0;
			knownRegions = (
				en,
				Base,
			);
			mainGroup = 84AD17A41D50A0B4003FB8E2;
			productRefGroup = 84AD17AE1D50A0B4003FB8E2 /* Products */;
			projectDirPath = "";
			projectRoot = "";
			targets = (
				84AD17AC1D50A0B4003FB8E2 /* MADWorldWeather */,
			);
		};
/* End PBXProject section */

/* Begin PBXResourcesBuildPhase section */
		84AD17AB1D50A0B4003FB8E2 /* Resources */ = {
			isa = PBXResourcesBuildPhase;
			buildActionMask = 2147483647;
			files = (
				84AD17C01D50A0B4003FB8E2 /* LaunchScreen.storyboard in Resources */,
				84AD17BD1D50A0B4003FB8E2 /* Assets.xcassets in Resources */,
				84AD18041D51EDDE003FB8E2 /* MADWeatherIndicatorView.xib in Resources */,
				84AD17BB1D50A0B4003FB8E2 /* Main.storyboard in Resources */,
				84AD18161D52090E003FB8E2 /* MADDescriptionTableViewCell.xib in Resources */,
			);
			runOnlyForDeploymentPostprocessing = 0;
		};
/* End PBXResourcesBuildPhase section */

/* Begin PBXSourcesBuildPhase section */
		84AD17A91D50A0B4003FB8E2 /* Sources */ = {
			isa = PBXSourcesBuildPhase;
			buildActionMask = 2147483647;
			files = (
				84442CC71D54912F00CB8606 /* MADWeather.m in Sources */,
				84AD18151D52090E003FB8E2 /* MADDescriptionTableViewCell.m in Sources */,
				84442CC61D54912F00CB8606 /* MADWeather+CoreDataProperties.m in Sources */,
				84AD17C91D50AC71003FB8E2 /* MADDownloader.m in Sources */,
				84442CC91D54912F00CB8606 /* MADHourly.m in Sources */,
				84AD18021D51ECDA003FB8E2 /* MADWeatherIndicatorView.m in Sources */,
				84442CC81D54912F00CB8606 /* MADHourly+CoreDataProperties.m in Sources */,
				84AD17B81D50A0B4003FB8E2 /* ViewController.m in Sources */,
				84AD17B51D50A0B4003FB8E2 /* AppDelegate.m in Sources */,
				84AD17CC1D50B721003FB8E2 /* MADCoreDataStack.m in Sources */,
				84AD17B21D50A0B4003FB8E2 /* main.m in Sources */,
				84AD18251D521CC8003FB8E2 /* MADWeatherDescription.m in Sources */,
				84AD17CF1D50B9A8003FB8E2 /* worldWeatherModel.xcdatamodeld in Sources */,
			);
			runOnlyForDeploymentPostprocessing = 0;
		};
/* End PBXSourcesBuildPhase section */

/* Begin PBXVariantGroup section */
		84AD17B91D50A0B4003FB8E2 /* Main.storyboard */ = {
			isa = PBXVariantGroup;
			children = (
				84AD17BA1D50A0B4003FB8E2 /* Base */,
			);
			name = Main.storyboard;
			sourceTree = "<group>";
		};
		84AD17BE1D50A0B4003FB8E2 /* LaunchScreen.storyboard */ = {
			isa = PBXVariantGroup;
			children = (
				84AD17BF1D50A0B4003FB8E2 /* Base */,
			);
			name = LaunchScreen.storyboard;
			sourceTree = "<group>";
		};
/* End PBXVariantGroup section */

/* Begin XCBuildConfiguration section */
		84AD17C21D50A0B4003FB8E2 /* Debug */ = {
			isa = XCBuildConfiguration;
			buildSettings = {
				ALWAYS_SEARCH_USER_PATHS = NO;
				CLANG_ANALYZER_NONNULL = YES;
				CLANG_CXX_LANGUAGE_STANDARD = "gnu++0x";
				CLANG_CXX_LIBRARY = "libc++";
				CLANG_ENABLE_MODULES = YES;
				CLANG_ENABLE_OBJC_ARC = YES;
				CLANG_WARN_BOOL_CONVERSION = YES;
				CLANG_WARN_CONSTANT_CONVERSION = YES;
				CLANG_WARN_DIRECT_OBJC_ISA_USAGE = YES_ERROR;
				CLANG_WARN_EMPTY_BODY = YES;
				CLANG_WARN_ENUM_CONVERSION = YES;
				CLANG_WARN_INT_CONVERSION = YES;
				CLANG_WARN_OBJC_ROOT_CLASS = YES_ERROR;
				CLANG_WARN_UNREACHABLE_CODE = YES;
				CLANG_WARN__DUPLICATE_METHOD_MATCH = YES;
				"CODE_SIGN_IDENTITY[sdk=iphoneos*]" = "iPhone Developer";
				COPY_PHASE_STRIP = NO;
				DEBUG_INFORMATION_FORMAT = dwarf;
				ENABLE_STRICT_OBJC_MSGSEND = YES;
				ENABLE_TESTABILITY = YES;
				GCC_C_LANGUAGE_STANDARD = gnu99;
				GCC_DYNAMIC_NO_PIC = NO;
				GCC_NO_COMMON_BLOCKS = YES;
				GCC_OPTIMIZATION_LEVEL = 0;
				GCC_PREPROCESSOR_DEFINITIONS = (
					"DEBUG=1",
					"$(inherited)",
				);
				GCC_WARN_64_TO_32_BIT_CONVERSION = YES;
				GCC_WARN_ABOUT_RETURN_TYPE = YES_ERROR;
				GCC_WARN_UNDECLARED_SELECTOR = YES;
				GCC_WARN_UNINITIALIZED_AUTOS = YES_AGGRESSIVE;
				GCC_WARN_UNUSED_FUNCTION = YES;
				GCC_WARN_UNUSED_VARIABLE = YES;
				IPHONEOS_DEPLOYMENT_TARGET = 9.3;
				MTL_ENABLE_DEBUG_INFO = YES;
				ONLY_ACTIVE_ARCH = YES;
				SDKROOT = iphoneos;
			};
			name = Debug;
		};
		84AD17C31D50A0B4003FB8E2 /* Release */ = {
			isa = XCBuildConfiguration;
			buildSettings = {
				ALWAYS_SEARCH_USER_PATHS = NO;
				CLANG_ANALYZER_NONNULL = YES;
				CLANG_CXX_LANGUAGE_STANDARD = "gnu++0x";
				CLANG_CXX_LIBRARY = "libc++";
				CLANG_ENABLE_MODULES = YES;
				CLANG_ENABLE_OBJC_ARC = YES;
				CLANG_WARN_BOOL_CONVERSION = YES;
				CLANG_WARN_CONSTANT_CONVERSION = YES;
				CLANG_WARN_DIRECT_OBJC_ISA_USAGE = YES_ERROR;
				CLANG_WARN_EMPTY_BODY = YES;
				CLANG_WARN_ENUM_CONVERSION = YES;
				CLANG_WARN_INT_CONVERSION = YES;
				CLANG_WARN_OBJC_ROOT_CLASS = YES_ERROR;
				CLANG_WARN_UNREACHABLE_CODE = YES;
				CLANG_WARN__DUPLICATE_METHOD_MATCH = YES;
				"CODE_SIGN_IDENTITY[sdk=iphoneos*]" = "iPhone Developer";
				COPY_PHASE_STRIP = NO;
				DEBUG_INFORMATION_FORMAT = "dwarf-with-dsym";
				ENABLE_NS_ASSERTIONS = NO;
				ENABLE_STRICT_OBJC_MSGSEND = YES;
				GCC_C_LANGUAGE_STANDARD = gnu99;
				GCC_NO_COMMON_BLOCKS = YES;
				GCC_WARN_64_TO_32_BIT_CONVERSION = YES;
				GCC_WARN_ABOUT_RETURN_TYPE = YES_ERROR;
				GCC_WARN_UNDECLARED_SELECTOR = YES;
				GCC_WARN_UNINITIALIZED_AUTOS = YES_AGGRESSIVE;
				GCC_WARN_UNUSED_FUNCTION = YES;
				GCC_WARN_UNUSED_VARIABLE = YES;
				IPHONEOS_DEPLOYMENT_TARGET = 9.3;
				MTL_ENABLE_DEBUG_INFO = NO;
				SDKROOT = iphoneos;
				VALIDATE_PRODUCT = YES;
			};
			name = Release;
		};
		84AD17C51D50A0B4003FB8E2 /* Debug */ = {
			isa = XCBuildConfiguration;
			buildSettings = {
				ASSETCATALOG_COMPILER_APPICON_NAME = AppIcon;
				CODE_SIGN_IDENTITY = "iPhone Developer";
				"CODE_SIGN_IDENTITY[sdk=iphoneos*]" = "iPhone Developer";
				INFOPLIST_FILE = MADWorldWeather/Info.plist;
				LD_RUNPATH_SEARCH_PATHS = "$(inherited) @executable_path/Frameworks";
				PRODUCT_BUNDLE_IDENTIFIER = com.marydort.MADWorldWeather;
				PRODUCT_NAME = "$(TARGET_NAME)";
				PROVISIONING_PROFILE = "";
				TARGETED_DEVICE_FAMILY = "1,2";
			};
			name = Debug;
		};
		84AD17C61D50A0B4003FB8E2 /* Release */ = {
			isa = XCBuildConfiguration;
			buildSettings = {
				ASSETCATALOG_COMPILER_APPICON_NAME = AppIcon;
				CODE_SIGN_IDENTITY = "iPhone Developer";
				"CODE_SIGN_IDENTITY[sdk=iphoneos*]" = "iPhone Developer";
				INFOPLIST_FILE = MADWorldWeather/Info.plist;
				LD_RUNPATH_SEARCH_PATHS = "$(inherited) @executable_path/Frameworks";
				PRODUCT_BUNDLE_IDENTIFIER = com.marydort.MADWorldWeather;
				PRODUCT_NAME = "$(TARGET_NAME)";
				PROVISIONING_PROFILE = "";
				TARGETED_DEVICE_FAMILY = "1,2";
			};
			name = Release;
		};
/* End XCBuildConfiguration section */

/* Begin XCConfigurationList section */
		84AD17A81D50A0B4003FB8E2 /* Build configuration list for PBXProject "MADWorldWeather" */ = {
			isa = XCConfigurationList;
			buildConfigurations = (
				84AD17C21D50A0B4003FB8E2 /* Debug */,
				84AD17C31D50A0B4003FB8E2 /* Release */,
			);
			defaultConfigurationIsVisible = 0;
			defaultConfigurationName = Release;
		};
		84AD17C41D50A0B4003FB8E2 /* Build configuration list for PBXNativeTarget "MADWorldWeather" */ = {
			isa = XCConfigurationList;
			buildConfigurations = (
				84AD17C51D50A0B4003FB8E2 /* Debug */,
				84AD17C61D50A0B4003FB8E2 /* Release */,
			);
			defaultConfigurationIsVisible = 0;
			defaultConfigurationName = Release;
		};
/* End XCConfigurationList section */

/* Begin XCVersionGroup section */
		84AD17CD1D50B9A8003FB8E2 /* worldWeatherModel.xcdatamodeld */ = {
			isa = XCVersionGroup;
			children = (
				84AD17CE1D50B9A8003FB8E2 /* worldWeatherModel.xcdatamodel */,
			);
			currentVersion = 84AD17CE1D50B9A8003FB8E2 /* worldWeatherModel.xcdatamodel */;
			path = worldWeatherModel.xcdatamodeld;
			sourceTree = "<group>";
			versionGroupType = wrapper.xcdatamodel;
		};
/* End XCVersionGroup section */
	};
	rootObject = 84AD17A51D50A0B4003FB8E2 /* Project object */;
}
