// !$*UTF8*$!
{
	archiveVersion = 1;
	classes = {
	};
	objectVersion = 46;
	objects = {

/* Begin PBXBuildFile section */
		844376401D70650B0035727D /* MADFetchedResultsTableViewDataSource.m in Sources */ = {isa = PBXBuildFile; fileRef = 8443763F1D70650B0035727D /* MADFetchedResultsTableViewDataSource.m */; };
		844376431D706CA10035727D /* MADFetchedResultsTableViewAdapter.m in Sources */ = {isa = PBXBuildFile; fileRef = 844376421D706CA10035727D /* MADFetchedResultsTableViewAdapter.m */; };
		844376481D70799B0035727D /* MADArrayTableViewDataSource.m in Sources */ = {isa = PBXBuildFile; fileRef = 844376471D70799B0035727D /* MADArrayTableViewDataSource.m */; };
		84442CD01D54C65E00CB8606 /* MADForecastWeatherTableViewCell.m in Sources */ = {isa = PBXBuildFile; fileRef = 84442CCE1D54C65E00CB8606 /* MADForecastWeatherTableViewCell.m */; };
		84442CD11D54C65E00CB8606 /* MADForecastWeatherTableViewCell.xib in Resources */ = {isa = PBXBuildFile; fileRef = 84442CCF1D54C65E00CB8606 /* MADForecastWeatherTableViewCell.xib */; };
		84442CD41D57AA9300CB8606 /* MADLocationsMenuTableViewController.m in Sources */ = {isa = PBXBuildFile; fileRef = 84442CD31D57AA9300CB8606 /* MADLocationsMenuTableViewController.m */; };
		84442CD81D57AB7900CB8606 /* MADLocationsMenuTableViewCell.m in Sources */ = {isa = PBXBuildFile; fileRef = 84442CD61D57AB7900CB8606 /* MADLocationsMenuTableViewCell.m */; };
		84442CD91D57AB7900CB8606 /* MADLocationsMenuTableViewCell.xib in Resources */ = {isa = PBXBuildFile; fileRef = 84442CD71D57AB7900CB8606 /* MADLocationsMenuTableViewCell.xib */; };
		84442CDC1D57B9E300CB8606 /* MADLocationSearchTableViewController.m in Sources */ = {isa = PBXBuildFile; fileRef = 84442CDB1D57B9E300CB8606 /* MADLocationSearchTableViewController.m */; };
		84442CDF1D58BA2300CB8606 /* MADFetchedResults.m in Sources */ = {isa = PBXBuildFile; fileRef = 84442CDE1D58BA2300CB8606 /* MADFetchedResults.m */; };
		84442CE21D6B111400CB8606 /* NSDate+MADDateFormatter.m in Sources */ = {isa = PBXBuildFile; fileRef = 84442CE11D6B111400CB8606 /* NSDate+MADDateFormatter.m */; };
		84442D491D6C960200CB8606 /* MADHourly+CoreDataProperties.m in Sources */ = {isa = PBXBuildFile; fileRef = 84442D3E1D6C960200CB8606 /* MADHourly+CoreDataProperties.m */; };
		84442D4A1D6C960200CB8606 /* MADHourly.m in Sources */ = {isa = PBXBuildFile; fileRef = 84442D401D6C960200CB8606 /* MADHourly.m */; };
		84442D4B1D6C960200CB8606 /* MADWeather+CoreDataProperties.m in Sources */ = {isa = PBXBuildFile; fileRef = 84442D421D6C960200CB8606 /* MADWeather+CoreDataProperties.m */; };
		84442D4C1D6C960200CB8606 /* MADWeather.m in Sources */ = {isa = PBXBuildFile; fileRef = 84442D441D6C960200CB8606 /* MADWeather.m */; };
		84442D4D1D6C960200CB8606 /* MADCity+CoreDataProperties.m in Sources */ = {isa = PBXBuildFile; fileRef = 84442D461D6C960200CB8606 /* MADCity+CoreDataProperties.m */; };
		84442D4E1D6C960200CB8606 /* MADCity.m in Sources */ = {isa = PBXBuildFile; fileRef = 84442D481D6C960200CB8606 /* MADCity.m */; };
		84442D541D6F56A100CB8606 /* MADWeatherParser.m in Sources */ = {isa = PBXBuildFile; fileRef = 84442D531D6F56A100CB8606 /* MADWeatherParser.m */; };
		84442D5A1D6F719D00CB8606 /* UIViewController+MADAlert.m in Sources */ = {isa = PBXBuildFile; fileRef = 84442D591D6F719D00CB8606 /* UIViewController+MADAlert.m */; };
		84AD17B21D50A0B4003FB8E2 /* main.m in Sources */ = {isa = PBXBuildFile; fileRef = 84AD17B11D50A0B4003FB8E2 /* main.m */; };
		84AD17B51D50A0B4003FB8E2 /* AppDelegate.m in Sources */ = {isa = PBXBuildFile; fileRef = 84AD17B41D50A0B4003FB8E2 /* AppDelegate.m */; };
		84AD17B81D50A0B4003FB8E2 /* MADDetailViewController.m in Sources */ = {isa = PBXBuildFile; fileRef = 84AD17B71D50A0B4003FB8E2 /* MADDetailViewController.m */; };
		84AD17BB1D50A0B4003FB8E2 /* Main.storyboard in Resources */ = {isa = PBXBuildFile; fileRef = 84AD17B91D50A0B4003FB8E2 /* Main.storyboard */; };
		84AD17BD1D50A0B4003FB8E2 /* Assets.xcassets in Resources */ = {isa = PBXBuildFile; fileRef = 84AD17BC1D50A0B4003FB8E2 /* Assets.xcassets */; };
		84AD17C01D50A0B4003FB8E2 /* LaunchScreen.storyboard in Resources */ = {isa = PBXBuildFile; fileRef = 84AD17BE1D50A0B4003FB8E2 /* LaunchScreen.storyboard */; };
		84AD17C91D50AC71003FB8E2 /* MADDownloader.m in Sources */ = {isa = PBXBuildFile; fileRef = 84AD17C81D50AC71003FB8E2 /* MADDownloader.m */; };
		84AD17CC1D50B721003FB8E2 /* MADCoreDataStack.m in Sources */ = {isa = PBXBuildFile; fileRef = 84AD17CB1D50B721003FB8E2 /* MADCoreDataStack.m */; };
		84AD17CF1D50B9A8003FB8E2 /* worldWeatherModel.xcdatamodeld in Sources */ = {isa = PBXBuildFile; fileRef = 84AD17CD1D50B9A8003FB8E2 /* worldWeatherModel.xcdatamodeld */; };
		84AD18151D52090E003FB8E2 /* MADHourlyWeatherTableViewCell.m in Sources */ = {isa = PBXBuildFile; fileRef = 84AD18131D52090E003FB8E2 /* MADHourlyWeatherTableViewCell.m */; };
		84AD18161D52090E003FB8E2 /* MADHourlyWeatherTableViewCell.xib in Resources */ = {isa = PBXBuildFile; fileRef = 84AD18141D52090E003FB8E2 /* MADHourlyWeatherTableViewCell.xib */; };
/* End PBXBuildFile section */

/* Begin PBXFileReference section */
		8443763E1D70650B0035727D /* MADFetchedResultsTableViewDataSource.h */ = {isa = PBXFileReference; fileEncoding = 4; lastKnownFileType = sourcecode.c.h; path = MADFetchedResultsTableViewDataSource.h; sourceTree = "<group>"; };
		8443763F1D70650B0035727D /* MADFetchedResultsTableViewDataSource.m */ = {isa = PBXFileReference; fileEncoding = 4; lastKnownFileType = sourcecode.c.objc; path = MADFetchedResultsTableViewDataSource.m; sourceTree = "<group>"; };
		844376411D706CA10035727D /* MADFetchedResultsTableViewAdapter.h */ = {isa = PBXFileReference; fileEncoding = 4; lastKnownFileType = sourcecode.c.h; path = MADFetchedResultsTableViewAdapter.h; sourceTree = "<group>"; };
		844376421D706CA10035727D /* MADFetchedResultsTableViewAdapter.m */ = {isa = PBXFileReference; fileEncoding = 4; lastKnownFileType = sourcecode.c.objc; path = MADFetchedResultsTableViewAdapter.m; sourceTree = "<group>"; };
		844376461D70799B0035727D /* MADArrayTableViewDataSource.h */ = {isa = PBXFileReference; fileEncoding = 4; lastKnownFileType = sourcecode.c.h; path = MADArrayTableViewDataSource.h; sourceTree = "<group>"; };
		844376471D70799B0035727D /* MADArrayTableViewDataSource.m */ = {isa = PBXFileReference; fileEncoding = 4; lastKnownFileType = sourcecode.c.objc; path = MADArrayTableViewDataSource.m; sourceTree = "<group>"; };
		84442CCD1D54C65E00CB8606 /* MADForecastWeatherTableViewCell.h */ = {isa = PBXFileReference; fileEncoding = 4; lastKnownFileType = sourcecode.c.h; path = MADForecastWeatherTableViewCell.h; sourceTree = "<group>"; };
		84442CCE1D54C65E00CB8606 /* MADForecastWeatherTableViewCell.m */ = {isa = PBXFileReference; fileEncoding = 4; lastKnownFileType = sourcecode.c.objc; path = MADForecastWeatherTableViewCell.m; sourceTree = "<group>"; };
		84442CCF1D54C65E00CB8606 /* MADForecastWeatherTableViewCell.xib */ = {isa = PBXFileReference; fileEncoding = 4; lastKnownFileType = file.xib; path = MADForecastWeatherTableViewCell.xib; sourceTree = "<group>"; };
		84442CD21D57AA9300CB8606 /* MADLocationsMenuTableViewController.h */ = {isa = PBXFileReference; fileEncoding = 4; lastKnownFileType = sourcecode.c.h; path = MADLocationsMenuTableViewController.h; sourceTree = "<group>"; };
		84442CD31D57AA9300CB8606 /* MADLocationsMenuTableViewController.m */ = {isa = PBXFileReference; fileEncoding = 4; lastKnownFileType = sourcecode.c.objc; path = MADLocationsMenuTableViewController.m; sourceTree = "<group>"; };
		84442CD51D57AB7900CB8606 /* MADLocationsMenuTableViewCell.h */ = {isa = PBXFileReference; fileEncoding = 4; lastKnownFileType = sourcecode.c.h; path = MADLocationsMenuTableViewCell.h; sourceTree = "<group>"; };
		84442CD61D57AB7900CB8606 /* MADLocationsMenuTableViewCell.m */ = {isa = PBXFileReference; fileEncoding = 4; lastKnownFileType = sourcecode.c.objc; path = MADLocationsMenuTableViewCell.m; sourceTree = "<group>"; };
		84442CD71D57AB7900CB8606 /* MADLocationsMenuTableViewCell.xib */ = {isa = PBXFileReference; fileEncoding = 4; lastKnownFileType = file.xib; path = MADLocationsMenuTableViewCell.xib; sourceTree = "<group>"; };
		84442CDA1D57B9E300CB8606 /* MADLocationSearchTableViewController.h */ = {isa = PBXFileReference; fileEncoding = 4; lastKnownFileType = sourcecode.c.h; path = MADLocationSearchTableViewController.h; sourceTree = "<group>"; };
		84442CDB1D57B9E300CB8606 /* MADLocationSearchTableViewController.m */ = {isa = PBXFileReference; fileEncoding = 4; lastKnownFileType = sourcecode.c.objc; path = MADLocationSearchTableViewController.m; sourceTree = "<group>"; };
		84442CDD1D58BA2300CB8606 /* MADFetchedResults.h */ = {isa = PBXFileReference; fileEncoding = 4; lastKnownFileType = sourcecode.c.h; path = MADFetchedResults.h; sourceTree = "<group>"; };
		84442CDE1D58BA2300CB8606 /* MADFetchedResults.m */ = {isa = PBXFileReference; fileEncoding = 4; lastKnownFileType = sourcecode.c.objc; path = MADFetchedResults.m; sourceTree = "<group>"; };
		84442CE01D6B111300CB8606 /* NSDate+MADDateFormatter.h */ = {isa = PBXFileReference; fileEncoding = 4; lastKnownFileType = sourcecode.c.h; path = "NSDate+MADDateFormatter.h"; sourceTree = "<group>"; };
		84442CE11D6B111400CB8606 /* NSDate+MADDateFormatter.m */ = {isa = PBXFileReference; fileEncoding = 4; lastKnownFileType = sourcecode.c.objc; path = "NSDate+MADDateFormatter.m"; sourceTree = "<group>"; };
		84442D3D1D6C960200CB8606 /* MADHourly+CoreDataProperties.h */ = {isa = PBXFileReference; fileEncoding = 4; lastKnownFileType = sourcecode.c.h; path = "MADHourly+CoreDataProperties.h"; sourceTree = "<group>"; };
		84442D3E1D6C960200CB8606 /* MADHourly+CoreDataProperties.m */ = {isa = PBXFileReference; fileEncoding = 4; lastKnownFileType = sourcecode.c.objc; path = "MADHourly+CoreDataProperties.m"; sourceTree = "<group>"; };
		84442D3F1D6C960200CB8606 /* MADHourly.h */ = {isa = PBXFileReference; fileEncoding = 4; lastKnownFileType = sourcecode.c.h; path = MADHourly.h; sourceTree = "<group>"; };
		84442D401D6C960200CB8606 /* MADHourly.m */ = {isa = PBXFileReference; fileEncoding = 4; lastKnownFileType = sourcecode.c.objc; path = MADHourly.m; sourceTree = "<group>"; };
		84442D411D6C960200CB8606 /* MADWeather+CoreDataProperties.h */ = {isa = PBXFileReference; fileEncoding = 4; lastKnownFileType = sourcecode.c.h; path = "MADWeather+CoreDataProperties.h"; sourceTree = "<group>"; };
		84442D421D6C960200CB8606 /* MADWeather+CoreDataProperties.m */ = {isa = PBXFileReference; fileEncoding = 4; lastKnownFileType = sourcecode.c.objc; path = "MADWeather+CoreDataProperties.m"; sourceTree = "<group>"; };
		84442D431D6C960200CB8606 /* MADWeather.h */ = {isa = PBXFileReference; fileEncoding = 4; lastKnownFileType = sourcecode.c.h; path = MADWeather.h; sourceTree = "<group>"; };
		84442D441D6C960200CB8606 /* MADWeather.m */ = {isa = PBXFileReference; fileEncoding = 4; lastKnownFileType = sourcecode.c.objc; path = MADWeather.m; sourceTree = "<group>"; };
		84442D451D6C960200CB8606 /* MADCity+CoreDataProperties.h */ = {isa = PBXFileReference; fileEncoding = 4; lastKnownFileType = sourcecode.c.h; path = "MADCity+CoreDataProperties.h"; sourceTree = "<group>"; };
		84442D461D6C960200CB8606 /* MADCity+CoreDataProperties.m */ = {isa = PBXFileReference; fileEncoding = 4; lastKnownFileType = sourcecode.c.objc; path = "MADCity+CoreDataProperties.m"; sourceTree = "<group>"; };
		84442D471D6C960200CB8606 /* MADCity.h */ = {isa = PBXFileReference; fileEncoding = 4; lastKnownFileType = sourcecode.c.h; path = MADCity.h; sourceTree = "<group>"; };
		84442D481D6C960200CB8606 /* MADCity.m */ = {isa = PBXFileReference; fileEncoding = 4; lastKnownFileType = sourcecode.c.objc; path = MADCity.m; sourceTree = "<group>"; };
		84442D521D6F56A100CB8606 /* MADWeatherParser.h */ = {isa = PBXFileReference; fileEncoding = 4; lastKnownFileType = sourcecode.c.h; path = MADWeatherParser.h; sourceTree = "<group>"; };
		84442D531D6F56A100CB8606 /* MADWeatherParser.m */ = {isa = PBXFileReference; fileEncoding = 4; lastKnownFileType = sourcecode.c.objc; path = MADWeatherParser.m; sourceTree = "<group>"; };
		84442D581D6F719D00CB8606 /* UIViewController+MADAlert.h */ = {isa = PBXFileReference; fileEncoding = 4; lastKnownFileType = sourcecode.c.h; path = "UIViewController+MADAlert.h"; sourceTree = "<group>"; };
		84442D591D6F719D00CB8606 /* UIViewController+MADAlert.m */ = {isa = PBXFileReference; fileEncoding = 4; lastKnownFileType = sourcecode.c.objc; path = "UIViewController+MADAlert.m"; sourceTree = "<group>"; };
		84AD17AD1D50A0B4003FB8E2 /* MADWorldWeather.app */ = {isa = PBXFileReference; explicitFileType = wrapper.application; includeInIndex = 0; path = MADWorldWeather.app; sourceTree = BUILT_PRODUCTS_DIR; };
		84AD17B11D50A0B4003FB8E2 /* main.m */ = {isa = PBXFileReference; lastKnownFileType = sourcecode.c.objc; path = main.m; sourceTree = "<group>"; };
		84AD17B31D50A0B4003FB8E2 /* AppDelegate.h */ = {isa = PBXFileReference; lastKnownFileType = sourcecode.c.h; path = AppDelegate.h; sourceTree = "<group>"; };
		84AD17B41D50A0B4003FB8E2 /* AppDelegate.m */ = {isa = PBXFileReference; lastKnownFileType = sourcecode.c.objc; path = AppDelegate.m; sourceTree = "<group>"; };
		84AD17B61D50A0B4003FB8E2 /* MADDetailViewController.h */ = {isa = PBXFileReference; lastKnownFileType = sourcecode.c.h; path = MADDetailViewController.h; sourceTree = "<group>"; };
		84AD17B71D50A0B4003FB8E2 /* MADDetailViewController.m */ = {isa = PBXFileReference; lastKnownFileType = sourcecode.c.objc; path = MADDetailViewController.m; sourceTree = "<group>"; };
		84AD17BA1D50A0B4003FB8E2 /* Base */ = {isa = PBXFileReference; lastKnownFileType = file.storyboard; name = Base; path = Base.lproj/Main.storyboard; sourceTree = "<group>"; };
		84AD17BC1D50A0B4003FB8E2 /* Assets.xcassets */ = {isa = PBXFileReference; lastKnownFileType = folder.assetcatalog; path = Assets.xcassets; sourceTree = "<group>"; };
		84AD17BF1D50A0B4003FB8E2 /* Base */ = {isa = PBXFileReference; lastKnownFileType = file.storyboard; name = Base; path = Base.lproj/LaunchScreen.storyboard; sourceTree = "<group>"; };
		84AD17C11D50A0B4003FB8E2 /* Info.plist */ = {isa = PBXFileReference; lastKnownFileType = text.plist.xml; path = Info.plist; sourceTree = "<group>"; };
		84AD17C71D50AC71003FB8E2 /* MADDownloader.h */ = {isa = PBXFileReference; fileEncoding = 4; lastKnownFileType = sourcecode.c.h; path = MADDownloader.h; sourceTree = "<group>"; };
		84AD17C81D50AC71003FB8E2 /* MADDownloader.m */ = {isa = PBXFileReference; fileEncoding = 4; lastKnownFileType = sourcecode.c.objc; path = MADDownloader.m; sourceTree = "<group>"; };
		84AD17CA1D50B721003FB8E2 /* MADCoreDataStack.h */ = {isa = PBXFileReference; fileEncoding = 4; lastKnownFileType = sourcecode.c.h; path = MADCoreDataStack.h; sourceTree = "<group>"; };
		84AD17CB1D50B721003FB8E2 /* MADCoreDataStack.m */ = {isa = PBXFileReference; fileEncoding = 4; lastKnownFileType = sourcecode.c.objc; path = MADCoreDataStack.m; sourceTree = "<group>"; };
		84AD17CE1D50B9A8003FB8E2 /* worldWeatherModel.xcdatamodel */ = {isa = PBXFileReference; lastKnownFileType = wrapper.xcdatamodel; path = worldWeatherModel.xcdatamodel; sourceTree = "<group>"; };
		84AD18121D52090E003FB8E2 /* MADHourlyWeatherTableViewCell.h */ = {isa = PBXFileReference; fileEncoding = 4; lastKnownFileType = sourcecode.c.h; path = MADHourlyWeatherTableViewCell.h; sourceTree = "<group>"; };
		84AD18131D52090E003FB8E2 /* MADHourlyWeatherTableViewCell.m */ = {isa = PBXFileReference; fileEncoding = 4; lastKnownFileType = sourcecode.c.objc; path = MADHourlyWeatherTableViewCell.m; sourceTree = "<group>"; };
		84AD18141D52090E003FB8E2 /* MADHourlyWeatherTableViewCell.xib */ = {isa = PBXFileReference; fileEncoding = 4; lastKnownFileType = file.xib; path = MADHourlyWeatherTableViewCell.xib; sourceTree = "<group>"; };
/* End PBXFileReference section */

/* Begin PBXFrameworksBuildPhase section */
		84AD17AA1D50A0B4003FB8E2 /* Frameworks */ = {
			isa = PBXFrameworksBuildPhase;
			buildActionMask = 2147483647;
			files = (
			);
			runOnlyForDeploymentPostprocessing = 0;
		};
/* End PBXFrameworksBuildPhase section */

/* Begin PBXGroup section */
		844376361D70613D0035727D /* Controllers */ = {
			isa = PBXGroup;
			children = (
				84442CD21D57AA9300CB8606 /* MADLocationsMenuTableViewController.h */,
				84442CD31D57AA9300CB8606 /* MADLocationsMenuTableViewController.m */,
				84442CDA1D57B9E300CB8606 /* MADLocationSearchTableViewController.h */,
				84442CDB1D57B9E300CB8606 /* MADLocationSearchTableViewController.m */,
				84AD17B61D50A0B4003FB8E2 /* MADDetailViewController.h */,
				84AD17B71D50A0B4003FB8E2 /* MADDetailViewController.m */,
			);
			name = Controllers;
			sourceTree = "<group>";
		};
		844376371D7061780035727D /* Models */ = {
			isa = PBXGroup;
			children = (
				84AD17CA1D50B721003FB8E2 /* MADCoreDataStack.h */,
				84AD17CB1D50B721003FB8E2 /* MADCoreDataStack.m */,
				84442D521D6F56A100CB8606 /* MADWeatherParser.h */,
				84442D531D6F56A100CB8606 /* MADWeatherParser.m */,
				84442CDD1D58BA2300CB8606 /* MADFetchedResults.h */,
				84442CDE1D58BA2300CB8606 /* MADFetchedResults.m */,
				844376381D70618E0035727D /* Entity */,
			);
			name = Models;
			sourceTree = "<group>";
		};
		844376381D70618E0035727D /* Entity */ = {
			isa = PBXGroup;
			children = (
				84442D3D1D6C960200CB8606 /* MADHourly+CoreDataProperties.h */,
				84442D3E1D6C960200CB8606 /* MADHourly+CoreDataProperties.m */,
				84442D3F1D6C960200CB8606 /* MADHourly.h */,
				84442D401D6C960200CB8606 /* MADHourly.m */,
				84442D411D6C960200CB8606 /* MADWeather+CoreDataProperties.h */,
				84442D421D6C960200CB8606 /* MADWeather+CoreDataProperties.m */,
				84442D431D6C960200CB8606 /* MADWeather.h */,
				84442D441D6C960200CB8606 /* MADWeather.m */,
				84442D451D6C960200CB8606 /* MADCity+CoreDataProperties.h */,
				84442D461D6C960200CB8606 /* MADCity+CoreDataProperties.m */,
				84442D471D6C960200CB8606 /* MADCity.h */,
				84442D481D6C960200CB8606 /* MADCity.m */,
			);
			name = Entity;
			sourceTree = "<group>";
		};
		8443763A1D7061D70035727D /* Views */ = {
			isa = PBXGroup;
			children = (
				84442CD51D57AB7900CB8606 /* MADLocationsMenuTableViewCell.h */,
				84442CD61D57AB7900CB8606 /* MADLocationsMenuTableViewCell.m */,
				84442CD71D57AB7900CB8606 /* MADLocationsMenuTableViewCell.xib */,
				84AD18121D52090E003FB8E2 /* MADHourlyWeatherTableViewCell.h */,
				84AD18131D52090E003FB8E2 /* MADHourlyWeatherTableViewCell.m */,
				84AD18141D52090E003FB8E2 /* MADHourlyWeatherTableViewCell.xib */,
				84442CCD1D54C65E00CB8606 /* MADForecastWeatherTableViewCell.h */,
				84442CCE1D54C65E00CB8606 /* MADForecastWeatherTableViewCell.m */,
				84442CCF1D54C65E00CB8606 /* MADForecastWeatherTableViewCell.xib */,
			);
			name = Views;
			sourceTree = "<group>";
		};
		8443763B1D7062E90035727D /* Categories */ = {
			isa = PBXGroup;
			children = (
				84442CE01D6B111300CB8606 /* NSDate+MADDateFormatter.h */,
				84442CE11D6B111400CB8606 /* NSDate+MADDateFormatter.m */,
				84442D581D6F719D00CB8606 /* UIViewController+MADAlert.h */,
				84442D591D6F719D00CB8606 /* UIViewController+MADAlert.m */,
			);
			name = Categories;
			sourceTree = "<group>";
		};
		8443763D1D7064DA0035727D /* Adapters */ = {
			isa = PBXGroup;
			children = (
				8443763E1D70650B0035727D /* MADFetchedResultsTableViewDataSource.h */,
				8443763F1D70650B0035727D /* MADFetchedResultsTableViewDataSource.m */,
				844376411D706CA10035727D /* MADFetchedResultsTableViewAdapter.h */,
				844376421D706CA10035727D /* MADFetchedResultsTableViewAdapter.m */,
				844376461D70799B0035727D /* MADArrayTableViewDataSource.h */,
				844376471D70799B0035727D /* MADArrayTableViewDataSource.m */,
			);
			name = Adapters;
			sourceTree = "<group>";
		};
		844376441D70757B0035727D /* Delegates */ = {
			isa = PBXGroup;
			children = (
				84AD17B31D50A0B4003FB8E2 /* AppDelegate.h */,
				84AD17B41D50A0B4003FB8E2 /* AppDelegate.m */,
			);
			name = Delegates;
			sourceTree = "<group>";
		};
		844376451D7076900035727D /* Networking */ = {
			isa = PBXGroup;
			children = (
				84AD17C71D50AC71003FB8E2 /* MADDownloader.h */,
				84AD17C81D50AC71003FB8E2 /* MADDownloader.m */,
			);
			name = Networking;
			sourceTree = "<group>";
		};
		84AD17A41D50A0B4003FB8E2 = {
			isa = PBXGroup;
			children = (
				84AD17AF1D50A0B4003FB8E2 /* MADWorldWeather */,
				84AD17AE1D50A0B4003FB8E2 /* Products */,
			);
			sourceTree = "<group>";
		};
		84AD17AE1D50A0B4003FB8E2 /* Products */ = {
			isa = PBXGroup;
			children = (
				84AD17AD1D50A0B4003FB8E2 /* MADWorldWeather.app */,
			);
			name = Products;
			sourceTree = "<group>";
		};
		84AD17AF1D50A0B4003FB8E2 /* MADWorldWeather */ = {
			isa = PBXGroup;
			children = (
				844376361D70613D0035727D /* Controllers */,
				844376371D7061780035727D /* Models */,
				8443763A1D7061D70035727D /* Views */,
				8443763D1D7064DA0035727D /* Adapters */,
				844376451D7076900035727D /* Networking */,
				8443763B1D7062E90035727D /* Categories */,
				844376441D70757B0035727D /* Delegates */,
				84AD17B91D50A0B4003FB8E2 /* Main.storyboard */,
				84AD17CD1D50B9A8003FB8E2 /* worldWeatherModel.xcdatamodeld */,
				84AD17BC1D50A0B4003FB8E2 /* Assets.xcassets */,
				84AD17BE1D50A0B4003FB8E2 /* LaunchScreen.storyboard */,
				84AD17C11D50A0B4003FB8E2 /* Info.plist */,
				84AD17B01D50A0B4003FB8E2 /* Supporting Files */,
			);
			path = MADWorldWeather;
			sourceTree = "<group>";
		};
		84AD17B01D50A0B4003FB8E2 /* Supporting Files */ = {
			isa = PBXGroup;
			children = (
				84AD17B11D50A0B4003FB8E2 /* main.m */,
			);
			name = "Supporting Files";
			sourceTree = "<group>";
		};
/* End PBXGroup section */

/* Begin PBXNativeTarget section */
		84AD17AC1D50A0B4003FB8E2 /* MADWorldWeather */ = {
			isa = PBXNativeTarget;
			buildConfigurationList = 84AD17C41D50A0B4003FB8E2 /* Build configuration list for PBXNativeTarget "MADWorldWeather" */;
			buildPhases = (
				84AD17A91D50A0B4003FB8E2 /* Sources */,
				84AD17AA1D50A0B4003FB8E2 /* Frameworks */,
				84AD17AB1D50A0B4003FB8E2 /* Resources */,
			);
			buildRules = (
			);
			dependencies = (
			);
			name = MADWorldWeather;
			productName = MADWorldWeather;
			productReference = 84AD17AD1D50A0B4003FB8E2 /* MADWorldWeather.app */;
			productType = "com.apple.product-type.application";
		};
/* End PBXNativeTarget section */

/* Begin PBXProject section */
		84AD17A51D50A0B4003FB8E2 /* Project object */ = {
			isa = PBXProject;
			attributes = {
				LastUpgradeCheck = 0730;
				ORGANIZATIONNAME = marydort;
				TargetAttributes = {
					84AD17AC1D50A0B4003FB8E2 = {
						CreatedOnToolsVersion = 7.3.1;
						DevelopmentTeam = S3M44GGB4N;
					};
				};
			};
			buildConfigurationList = 84AD17A81D50A0B4003FB8E2 /* Build configuration list for PBXProject "MADWorldWeather" */;
			compatibilityVersion = "Xcode 3.2";
			developmentRegion = English;
			hasScannedForEncodings = 0;
			knownRegions = (
				en,
				Base,
			);
			mainGroup = 84AD17A41D50A0B4003FB8E2;
			productRefGroup = 84AD17AE1D50A0B4003FB8E2 /* Products */;
			projectDirPath = "";
			projectRoot = "";
			targets = (
				84AD17AC1D50A0B4003FB8E2 /* MADWorldWeather */,
			);
		};
/* End PBXProject section */

/* Begin PBXResourcesBuildPhase section */
		84AD17AB1D50A0B4003FB8E2 /* Resources */ = {
			isa = PBXResourcesBuildPhase;
			buildActionMask = 2147483647;
			files = (
				84442CD11D54C65E00CB8606 /* MADForecastWeatherTableViewCell.xib in Resources */,
				84AD17C01D50A0B4003FB8E2 /* LaunchScreen.storyboard in Resources */,
				84AD17BD1D50A0B4003FB8E2 /* Assets.xcassets in Resources */,
				84AD17BB1D50A0B4003FB8E2 /* Main.storyboard in Resources */,
				84442CD91D57AB7900CB8606 /* MADLocationsMenuTableViewCell.xib in Resources */,
				84AD18161D52090E003FB8E2 /* MADHourlyWeatherTableViewCell.xib in Resources */,
			);
			runOnlyForDeploymentPostprocessing = 0;
		};
/* End PBXResourcesBuildPhase section */

/* Begin PBXSourcesBuildPhase section */
		84AD17A91D50A0B4003FB8E2 /* Sources */ = {
			isa = PBXSourcesBuildPhase;
			buildActionMask = 2147483647;
			files = (
				84442D5A1D6F719D00CB8606 /* UIViewController+MADAlert.m in Sources */,
				84442D4C1D6C960200CB8606 /* MADWeather.m in Sources */,
				84442CD81D57AB7900CB8606 /* MADLocationsMenuTableViewCell.m in Sources */,
				84AD18151D52090E003FB8E2 /* MADHourlyWeatherTableViewCell.m in Sources */,
				84AD17C91D50AC71003FB8E2 /* MADDownloader.m in Sources */,
				84442CDC1D57B9E300CB8606 /* MADLocationSearchTableViewController.m in Sources */,
				844376431D706CA10035727D /* MADFetchedResultsTableViewAdapter.m in Sources */,
				844376481D70799B0035727D /* MADArrayTableViewDataSource.m in Sources */,
				84AD17B81D50A0B4003FB8E2 /* MADDetailViewController.m in Sources */,
				84442CD41D57AA9300CB8606 /* MADLocationsMenuTableViewController.m in Sources */,
				84AD17B51D50A0B4003FB8E2 /* AppDelegate.m in Sources */,
				84AD17CC1D50B721003FB8E2 /* MADCoreDataStack.m in Sources */,
				84442D491D6C960200CB8606 /* MADHourly+CoreDataProperties.m in Sources */,
				84442CDF1D58BA2300CB8606 /* MADFetchedResults.m in Sources */,
				84442CD01D54C65E00CB8606 /* MADForecastWeatherTableViewCell.m in Sources */,
				84442CE21D6B111400CB8606 /* NSDate+MADDateFormatter.m in Sources */,
				84AD17B21D50A0B4003FB8E2 /* main.m in Sources */,
				84442D4A1D6C960200CB8606 /* MADHourly.m in Sources */,
				84442D541D6F56A100CB8606 /* MADWeatherParser.m in Sources */,
				84442D4B1D6C960200CB8606 /* MADWeather+CoreDataProperties.m in Sources */,
				84442D4E1D6C960200CB8606 /* MADCity.m in Sources */,
				84442D4D1D6C960200CB8606 /* MADCity+CoreDataProperties.m in Sources */,
				844376401D70650B0035727D /* MADFetchedResultsTableViewDataSource.m in Sources */,
				84AD17CF1D50B9A8003FB8E2 /* worldWeatherModel.xcdatamodeld in Sources */,
			);
			runOnlyForDeploymentPostprocessing = 0;
		};
/* End PBXSourcesBuildPhase section */

/* Begin PBXVariantGroup section */
		84AD17B91D50A0B4003FB8E2 /* Main.storyboard */ = {
			isa = PBXVariantGroup;
			children = (
				84AD17BA1D50A0B4003FB8E2 /* Base */,
			);
			name = Main.storyboard;
			sourceTree = "<group>";
		};
		84AD17BE1D50A0B4003FB8E2 /* LaunchScreen.storyboard */ = {
			isa = PBXVariantGroup;
			children = (
				84AD17BF1D50A0B4003FB8E2 /* Base */,
			);
			name = LaunchScreen.storyboard;
			sourceTree = "<group>";
		};
/* End PBXVariantGroup section */

/* Begin XCBuildConfiguration section */
		84AD17C21D50A0B4003FB8E2 /* Debug */ = {
			isa = XCBuildConfiguration;
			buildSettings = {
				ALWAYS_SEARCH_USER_PATHS = NO;
				CLANG_ANALYZER_NONNULL = YES;
				CLANG_CXX_LANGUAGE_STANDARD = "gnu++0x";
				CLANG_CXX_LIBRARY = "libc++";
				CLANG_ENABLE_MODULES = YES;
				CLANG_ENABLE_OBJC_ARC = YES;
				CLANG_WARN_BOOL_CONVERSION = YES;
				CLANG_WARN_CONSTANT_CONVERSION = YES;
				CLANG_WARN_DIRECT_OBJC_ISA_USAGE = YES_ERROR;
				CLANG_WARN_EMPTY_BODY = YES;
				CLANG_WARN_ENUM_CONVERSION = YES;
				CLANG_WARN_INT_CONVERSION = YES;
				CLANG_WARN_OBJC_ROOT_CLASS = YES_ERROR;
				CLANG_WARN_UNREACHABLE_CODE = YES;
				CLANG_WARN__DUPLICATE_METHOD_MATCH = YES;
				"CODE_SIGN_IDENTITY[sdk=iphoneos*]" = "iPhone Developer";
				COPY_PHASE_STRIP = NO;
				DEBUG_INFORMATION_FORMAT = dwarf;
				ENABLE_STRICT_OBJC_MSGSEND = YES;
				ENABLE_TESTABILITY = YES;
				GCC_C_LANGUAGE_STANDARD = gnu99;
				GCC_DYNAMIC_NO_PIC = NO;
				GCC_NO_COMMON_BLOCKS = YES;
				GCC_OPTIMIZATION_LEVEL = 0;
				GCC_PREPROCESSOR_DEFINITIONS = (
					"DEBUG=1",
					"$(inherited)",
				);
				GCC_WARN_64_TO_32_BIT_CONVERSION = YES;
				GCC_WARN_ABOUT_RETURN_TYPE = YES_ERROR;
				GCC_WARN_UNDECLARED_SELECTOR = YES;
				GCC_WARN_UNINITIALIZED_AUTOS = YES_AGGRESSIVE;
				GCC_WARN_UNUSED_FUNCTION = YES;
				GCC_WARN_UNUSED_VARIABLE = YES;
				IPHONEOS_DEPLOYMENT_TARGET = 9.3;
				MTL_ENABLE_DEBUG_INFO = YES;
				ONLY_ACTIVE_ARCH = YES;
				SDKROOT = iphoneos;
			};
			name = Debug;
		};
		84AD17C31D50A0B4003FB8E2 /* Release */ = {
			isa = XCBuildConfiguration;
			buildSettings = {
				ALWAYS_SEARCH_USER_PATHS = NO;
				CLANG_ANALYZER_NONNULL = YES;
				CLANG_CXX_LANGUAGE_STANDARD = "gnu++0x";
				CLANG_CXX_LIBRARY = "libc++";
				CLANG_ENABLE_MODULES = YES;
				CLANG_ENABLE_OBJC_ARC = YES;
				CLANG_WARN_BOOL_CONVERSION = YES;
				CLANG_WARN_CONSTANT_CONVERSION = YES;
				CLANG_WARN_DIRECT_OBJC_ISA_USAGE = YES_ERROR;
				CLANG_WARN_EMPTY_BODY = YES;
				CLANG_WARN_ENUM_CONVERSION = YES;
				CLANG_WARN_INT_CONVERSION = YES;
				CLANG_WARN_OBJC_ROOT_CLASS = YES_ERROR;
				CLANG_WARN_UNREACHABLE_CODE = YES;
				CLANG_WARN__DUPLICATE_METHOD_MATCH = YES;
				"CODE_SIGN_IDENTITY[sdk=iphoneos*]" = "iPhone Developer";
				COPY_PHASE_STRIP = NO;
				DEBUG_INFORMATION_FORMAT = "dwarf-with-dsym";
				ENABLE_NS_ASSERTIONS = NO;
				ENABLE_STRICT_OBJC_MSGSEND = YES;
				GCC_C_LANGUAGE_STANDARD = gnu99;
				GCC_NO_COMMON_BLOCKS = YES;
				GCC_WARN_64_TO_32_BIT_CONVERSION = YES;
				GCC_WARN_ABOUT_RETURN_TYPE = YES_ERROR;
				GCC_WARN_UNDECLARED_SELECTOR = YES;
				GCC_WARN_UNINITIALIZED_AUTOS = YES_AGGRESSIVE;
				GCC_WARN_UNUSED_FUNCTION = YES;
				GCC_WARN_UNUSED_VARIABLE = YES;
				IPHONEOS_DEPLOYMENT_TARGET = 9.3;
				MTL_ENABLE_DEBUG_INFO = NO;
				SDKROOT = iphoneos;
				VALIDATE_PRODUCT = YES;
			};
			name = Release;
		};
		84AD17C51D50A0B4003FB8E2 /* Debug */ = {
			isa = XCBuildConfiguration;
			buildSettings = {
				ASSETCATALOG_COMPILER_APPICON_NAME = AppIcon;
				CODE_SIGN_IDENTITY = "iPhone Developer";
				"CODE_SIGN_IDENTITY[sdk=iphoneos*]" = "iPhone Developer";
				INFOPLIST_FILE = MADWorldWeather/Info.plist;
				LD_RUNPATH_SEARCH_PATHS = "$(inherited) @executable_path/Frameworks";
				PRODUCT_BUNDLE_IDENTIFIER = com.marydort.MADWorldWeather;
				PRODUCT_NAME = "$(TARGET_NAME)";
				PROVISIONING_PROFILE = "";
				TARGETED_DEVICE_FAMILY = "1,2";
			};
			name = Debug;
		};
		84AD17C61D50A0B4003FB8E2 /* Release */ = {
			isa = XCBuildConfiguration;
			buildSettings = {
				ASSETCATALOG_COMPILER_APPICON_NAME = AppIcon;
				CODE_SIGN_IDENTITY = "iPhone Developer";
				"CODE_SIGN_IDENTITY[sdk=iphoneos*]" = "iPhone Developer";
				INFOPLIST_FILE = MADWorldWeather/Info.plist;
				LD_RUNPATH_SEARCH_PATHS = "$(inherited) @executable_path/Frameworks";
				PRODUCT_BUNDLE_IDENTIFIER = com.marydort.MADWorldWeather;
				PRODUCT_NAME = "$(TARGET_NAME)";
				PROVISIONING_PROFILE = "";
				TARGETED_DEVICE_FAMILY = "1,2";
			};
			name = Release;
		};
/* End XCBuildConfiguration section */

/* Begin XCConfigurationList section */
		84AD17A81D50A0B4003FB8E2 /* Build configuration list for PBXProject "MADWorldWeather" */ = {
			isa = XCConfigurationList;
			buildConfigurations = (
				84AD17C21D50A0B4003FB8E2 /* Debug */,
				84AD17C31D50A0B4003FB8E2 /* Release */,
			);
			defaultConfigurationIsVisible = 0;
			defaultConfigurationName = Release;
		};
		84AD17C41D50A0B4003FB8E2 /* Build configuration list for PBXNativeTarget "MADWorldWeather" */ = {
			isa = XCConfigurationList;
			buildConfigurations = (
				84AD17C51D50A0B4003FB8E2 /* Debug */,
				84AD17C61D50A0B4003FB8E2 /* Release */,
			);
			defaultConfigurationIsVisible = 0;
			defaultConfigurationName = Release;
		};
/* End XCConfigurationList section */

/* Begin XCVersionGroup section */
		84AD17CD1D50B9A8003FB8E2 /* worldWeatherModel.xcdatamodeld */ = {
			isa = XCVersionGroup;
			children = (
				84AD17CE1D50B9A8003FB8E2 /* worldWeatherModel.xcdatamodel */,
			);
			currentVersion = 84AD17CE1D50B9A8003FB8E2 /* worldWeatherModel.xcdatamodel */;
			path = worldWeatherModel.xcdatamodeld;
			sourceTree = "<group>";
			versionGroupType = wrapper.xcdatamodel;
		};
/* End XCVersionGroup section */
	};
	rootObject = 84AD17A51D50A0B4003FB8E2 /* Project object */;
}
